
Microsoft Visual Studio Solution File, Format Version 12.00
# Visual Studio Version 17
VisualStudioVersion = 17.13.35825.156 d17.13
MinimumVisualStudioVersion = 10.0.40219.1
Project("{FAE04EC0-301F-11D3-BF4B-00C04F79EFBC}") = "ChurchMembershipForm", "ChurchMembershipForm.csproj", "{44482EE9-3CAF-4C78-A3C4-96C9F243CFFD}"
EndProject
Global
	GlobalSection(SolutionConfigurationPlatforms) = preSolution
		Debug|Any CPU = Debug|Any CPU
		Release|Any CPU = Release|Any CPU
	EndGlobalSection
	GlobalSection(ProjectConfigurationPlatforms) = postSolution
		{44482EE9-3CAF-4C78-A3C4-96C9F243CFFD}.Debug|Any CPU.ActiveCfg = Debug|Any CPU
		{44482EE9-3CAF-4C78-A3C4-96C9F243CFFD}.Debug|Any CPU.Build.0 = Debug|Any CPU
		{44482EE9-3CAF-4C78-A3C4-96C9F243CFFD}.Release|Any CPU.ActiveCfg = Release|Any CPU
		{44482EE9-3CAF-4C78-A3C4-96C9F243CFFD}.Release|Any CPU.Build.0 = Release|Any CPU
	EndGlobalSection
	GlobalSection(SolutionProperties) = preSolution
		HideSolutionNode = FALSE
	EndGlobalSection
	GlobalSection(ExtensibilityGlobals) = postSolution
		SolutionGuid = {D335ADE5-A417-4F23-B0FA-03BB74CB24D5}
	EndGlobalSection
EndGlobal
